
Microsoft Visual Studio Solution File, Format Version 12.00
# Visual Studio 15
VisualStudioVersion = 15.0.27004.2005
MinimumVisualStudioVersion = 10.0.40219.1
Project("{FAE04EC0-301F-11D3-BF4B-00C04F79EFBC}") = "DragonsAPI", "DragonsAPI\DragonsAPI.csproj", "{9E3F7A9D-2A93-4DBE-9E39-0D8612812F0D}"
EndProject
Global
	GlobalSection(SolutionConfigurationPlatforms) = preSolution
		Debug|Any CPU = Debug|Any CPU
		Release|Any CPU = Release|Any CPU
	EndGlobalSection
	GlobalSection(ProjectConfigurationPlatforms) = postSolution
		{9E3F7A9D-2A93-4DBE-9E39-0D8612812F0D}.Debug|Any CPU.ActiveCfg = Debug|Any CPU
		{9E3F7A9D-2A93-4DBE-9E39-0D8612812F0D}.Debug|Any CPU.Build.0 = Debug|Any CPU
		{9E3F7A9D-2A93-4DBE-9E39-0D8612812F0D}.Release|Any CPU.ActiveCfg = Release|Any CPU
		{9E3F7A9D-2A93-4DBE-9E39-0D8612812F0D}.Release|Any CPU.Build.0 = Release|Any CPU
	EndGlobalSection
	GlobalSection(SolutionProperties) = preSolution
		HideSolutionNode = FALSE
	EndGlobalSection
	GlobalSection(ExtensibilityGlobals) = postSolution
		SolutionGuid = {DB4D0CEB-A9EF-46E2-AAFE-6FE185F16D40}
	EndGlobalSection
EndGlobal
