
Microsoft Visual Studio Solution File, Format Version 12.00
# Visual Studio 15
VisualStudioVersion = 15.0.26730.12
MinimumVisualStudioVersion = 10.0.40219.1
Project("{FAE04EC0-301F-11D3-BF4B-00C04F79EFBC}") = "Lab36George", "Lab36George\Lab36George.csproj", "{7C89C467-8FC1-4DBE-9BDF-280CDA4D3755}"
EndProject
Project("{FAE04EC0-301F-11D3-BF4B-00C04F79EFBC}") = "Lab36George.Test", "Lab36George.Test\Lab36George.Test.csproj", "{981C94EF-FC66-4176-BB98-25C186A0EA95}"
EndProject
Global
	GlobalSection(SolutionConfigurationPlatforms) = preSolution
		Debug|Any CPU = Debug|Any CPU
		Release|Any CPU = Release|Any CPU
	EndGlobalSection
	GlobalSection(ProjectConfigurationPlatforms) = postSolution
		{7C89C467-8FC1-4DBE-9BDF-280CDA4D3755}.Debug|Any CPU.ActiveCfg = Debug|Any CPU
		{7C89C467-8FC1-4DBE-9BDF-280CDA4D3755}.Debug|Any CPU.Build.0 = Debug|Any CPU
		{7C89C467-8FC1-4DBE-9BDF-280CDA4D3755}.Release|Any CPU.ActiveCfg = Release|Any CPU
		{7C89C467-8FC1-4DBE-9BDF-280CDA4D3755}.Release|Any CPU.Build.0 = Release|Any CPU
		{981C94EF-FC66-4176-BB98-25C186A0EA95}.Debug|Any CPU.ActiveCfg = Debug|Any CPU
		{981C94EF-FC66-4176-BB98-25C186A0EA95}.Debug|Any CPU.Build.0 = Debug|Any CPU
		{981C94EF-FC66-4176-BB98-25C186A0EA95}.Release|Any CPU.ActiveCfg = Release|Any CPU
		{981C94EF-FC66-4176-BB98-25C186A0EA95}.Release|Any CPU.Build.0 = Release|Any CPU
	EndGlobalSection
	GlobalSection(SolutionProperties) = preSolution
		HideSolutionNode = FALSE
	EndGlobalSection
	GlobalSection(ExtensibilityGlobals) = postSolution
		SolutionGuid = {8C3671E9-EA4F-4FB4-85B9-6874547205E6}
	EndGlobalSection
EndGlobal
